
Microsoft Visual Studio Solution File, Format Version 12.00
# Visual Studio Version 17
VisualStudioVersion = 17.3.32804.467
MinimumVisualStudioVersion = 10.0.40219.1
Project("{FAE04EC0-301F-11D3-BF4B-00C04F79EFBC}") = "LightsOnOff_FSM", "LightsOnOff_FSM.csproj", "{0D489EC2-C780-41C3-9915-EF7B129E531E}"
EndProject
Global
	GlobalSection(SolutionConfigurationPlatforms) = preSolution
		Debug|Any CPU = Debug|Any CPU
		Release|Any CPU = Release|Any CPU
	EndGlobalSection
	GlobalSection(ProjectConfigurationPlatforms) = postSolution
		{0D489EC2-C780-41C3-9915-EF7B129E531E}.Debug|Any CPU.ActiveCfg = Debug|Any CPU
		{0D489EC2-C780-41C3-9915-EF7B129E531E}.Debug|Any CPU.Build.0 = Debug|Any CPU
		{0D489EC2-C780-41C3-9915-EF7B129E531E}.Release|Any CPU.ActiveCfg = Release|Any CPU
		{0D489EC2-C780-41C3-9915-EF7B129E531E}.Release|Any CPU.Build.0 = Release|Any CPU
	EndGlobalSection
	GlobalSection(SolutionProperties) = preSolution
		HideSolutionNode = FALSE
	EndGlobalSection
	GlobalSection(ExtensibilityGlobals) = postSolution
		SolutionGuid = {075ACDF4-CFEF-4A3F-824C-1A70D6167103}
	EndGlobalSection
EndGlobal
