
Microsoft Visual Studio Solution File, Format Version 12.00
# Visual Studio Version 17
VisualStudioVersion = 17.3.32819.101
MinimumVisualStudioVersion = 10.0.40219.1
Project("{FAE04EC0-301F-11D3-BF4B-00C04F79EFBC}") = "InterfaceDemo", "InterfaceDemo.csproj", "{B91B9DE9-7827-49EE-A4FD-D23A9E768323}"
EndProject
Global
	GlobalSection(SolutionConfigurationPlatforms) = preSolution
		Debug|Any CPU = Debug|Any CPU
		Release|Any CPU = Release|Any CPU
	EndGlobalSection
	GlobalSection(ProjectConfigurationPlatforms) = postSolution
		{B91B9DE9-7827-49EE-A4FD-D23A9E768323}.Debug|Any CPU.ActiveCfg = Debug|Any CPU
		{B91B9DE9-7827-49EE-A4FD-D23A9E768323}.Debug|Any CPU.Build.0 = Debug|Any CPU
		{B91B9DE9-7827-49EE-A4FD-D23A9E768323}.Release|Any CPU.ActiveCfg = Release|Any CPU
		{B91B9DE9-7827-49EE-A4FD-D23A9E768323}.Release|Any CPU.Build.0 = Release|Any CPU
	EndGlobalSection
	GlobalSection(SolutionProperties) = preSolution
		HideSolutionNode = FALSE
	EndGlobalSection
	GlobalSection(ExtensibilityGlobals) = postSolution
		SolutionGuid = {84296981-C00D-43D3-A6C5-D9D6F1C73B1A}
	EndGlobalSection
EndGlobal
